# This file is automatically @generated by Cargo.
# It is not intended for manual editing.
version = 4

[[package]]
name = "xdg-thumbnail"
version = "0.1.0"

[[package]]
name = "xdg-thumbnail-generate"
version = "0.1.0"
dependencies = [
 "xdg-thumbnail",
]

[[package]]
name = "xdg-thumbnail-prune"
version = "0.1.0"
dependencies = [
 "xdg-thumbnail",
]
